// !$*UTF8*$!
{
	archiveVersion = 1;
	classes = {
	};
	objectVersion = 56;
	objects = {

/* Begin PBXBuildFile section */
		B8A364332C76244D008AC53B /* AppDelegate.swift in Sources */ = {isa = PBXBuildFile; fileRef = B8A364322C76244D008AC53B /* AppDelegate.swift */; };
		B8A364352C76244D008AC53B /* SceneDelegate.swift in Sources */ = {isa = PBXBuildFile; fileRef = B8A364342C76244D008AC53B /* SceneDelegate.swift */; };
		B8A364372C76244D008AC53B /* ViewController.swift in Sources */ = {isa = PBXBuildFile; fileRef = B8A364362C76244D008AC53B /* ViewController.swift */; };
		B8A3643A2C76244D008AC53B /* Base in Resources */ = {isa = PBXBuildFile; fileRef = B8A364392C76244D008AC53B /* Base */; };
		B8A3643C2C76244F008AC53B /* Assets.xcassets in Resources */ = {isa = PBXBuildFile; fileRef = B8A3643B2C76244F008AC53B /* Assets.xcassets */; };
		B8A3643F2C76244F008AC53B /* Base in Resources */ = {isa = PBXBuildFile; fileRef = B8A3643E2C76244F008AC53B /* Base */; };
		D5CC5D9395C76A1582C6B23D /* Pods_connect_ios_demo.framework in Frameworks */ = {isa = PBXBuildFile; fileRef = E6CEC616B84805C4113C659C /* Pods_connect_ios_demo.framework */; };
/* End PBXBuildFile section */

/* Begin PBXFileReference section */
		5F40C1EA57B6F5F4CE333F57 /* Pods-connect-ios-demo.release.xcconfig */ = {isa = PBXFileReference; includeInIndex = 1; lastKnownFileType = text.xcconfig; name = "Pods-connect-ios-demo.release.xcconfig"; path = "Target Support Files/Pods-connect-ios-demo/Pods-connect-ios-demo.release.xcconfig"; sourceTree = "<group>"; };
		B8A3642F2C76244D008AC53B /* connect-ios-demo.app */ = {isa = PBXFileReference; explicitFileType = wrapper.application; includeInIndex = 0; path = "connect-ios-demo.app"; sourceTree = BUILT_PRODUCTS_DIR; };
		B8A364322C76244D008AC53B /* AppDelegate.swift */ = {isa = PBXFileReference; lastKnownFileType = sourcecode.swift; path = AppDelegate.swift; sourceTree = "<group>"; };
		B8A364342C76244D008AC53B /* SceneDelegate.swift */ = {isa = PBXFileReference; lastKnownFileType = sourcecode.swift; path = SceneDelegate.swift; sourceTree = "<group>"; };
		B8A364362C76244D008AC53B /* ViewController.swift */ = {isa = PBXFileReference; lastKnownFileType = sourcecode.swift; path = ViewController.swift; sourceTree = "<group>"; };
		B8A364392C76244D008AC53B /* Base */ = {isa = PBXFileReference; lastKnownFileType = file.storyboard; name = Base; path = Base.lproj/Main.storyboard; sourceTree = "<group>"; };
		B8A3643B2C76244F008AC53B /* Assets.xcassets */ = {isa = PBXFileReference; lastKnownFileType = folder.assetcatalog; path = Assets.xcassets; sourceTree = "<group>"; };
		B8A3643E2C76244F008AC53B /* Base */ = {isa = PBXFileReference; lastKnownFileType = file.storyboard; name = Base; path = Base.lproj/LaunchScreen.storyboard; sourceTree = "<group>"; };
		B8A364402C76244F008AC53B /* Info.plist */ = {isa = PBXFileReference; lastKnownFileType = text.plist.xml; path = Info.plist; sourceTree = "<group>"; };
		E1456BB13D77B4177AA5C69A /* Pods-connect-ios-demo.debug.xcconfig */ = {isa = PBXFileReference; includeInIndex = 1; lastKnownFileType = text.xcconfig; name = "Pods-connect-ios-demo.debug.xcconfig"; path = "Target Support Files/Pods-connect-ios-demo/Pods-connect-ios-demo.debug.xcconfig"; sourceTree = "<group>"; };
		E6CEC616B84805C4113C659C /* Pods_connect_ios_demo.framework */ = {isa = PBXFileReference; explicitFileType = wrapper.framework; includeInIndex = 0; path = Pods_connect_ios_demo.framework; sourceTree = BUILT_PRODUCTS_DIR; };
/* End PBXFileReference section */

/* Begin PBXFrameworksBuildPhase section */
		B8A3642C2C76244D008AC53B /* Frameworks */ = {
			isa = PBXFrameworksBuildPhase;
			buildActionMask = 2147483647;
			files = (
				D5CC5D9395C76A1582C6B23D /* Pods_connect_ios_demo.framework in Frameworks */,
			);
			runOnlyForDeploymentPostprocessing = 0;
		};
/* End PBXFrameworksBuildPhase section */

/* Begin PBXGroup section */
		36EDDF6F19139DAC88ED203E /* Frameworks */ = {
			isa = PBXGroup;
			children = (
				E6CEC616B84805C4113C659C /* Pods_connect_ios_demo.framework */,
			);
			name = Frameworks;
			sourceTree = "<group>";
		};
		B8A364262C76244D008AC53B = {
			isa = PBXGroup;
			children = (
				B8A364312C76244D008AC53B /* connect-ios-demo */,
				B8A364302C76244D008AC53B /* Products */,
				D72B2C8DBF8AFAFDF508C914 /* Pods */,
				36EDDF6F19139DAC88ED203E /* Frameworks */,
			);
			sourceTree = "<group>";
		};
		B8A364302C76244D008AC53B /* Products */ = {
			isa = PBXGroup;
			children = (
				B8A3642F2C76244D008AC53B /* connect-ios-demo.app */,
			);
			name = Products;
			sourceTree = "<group>";
		};
		B8A364312C76244D008AC53B /* connect-ios-demo */ = {
			isa = PBXGroup;
			children = (
				B8A364322C76244D008AC53B /* AppDelegate.swift */,
				B8A364342C76244D008AC53B /* SceneDelegate.swift */,
				B8A364362C76244D008AC53B /* ViewController.swift */,
				B8A364382C76244D008AC53B /* Main.storyboard */,
				B8A3643B2C76244F008AC53B /* Assets.xcassets */,
				B8A3643D2C76244F008AC53B /* LaunchScreen.storyboard */,
				B8A364402C76244F008AC53B /* Info.plist */,
			);
			path = "connect-ios-demo";
			sourceTree = "<group>";
		};
		D72B2C8DBF8AFAFDF508C914 /* Pods */ = {
			isa = PBXGroup;
			children = (
				E1456BB13D77B4177AA5C69A /* Pods-connect-ios-demo.debug.xcconfig */,
				5F40C1EA57B6F5F4CE333F57 /* Pods-connect-ios-demo.release.xcconfig */,
			);
			path = Pods;
			sourceTree = "<group>";
		};
/* End PBXGroup section */

/* Begin PBXNativeTarget section */
		B8A3642E2C76244D008AC53B /* connect-ios-demo */ = {
			isa = PBXNativeTarget;
			buildConfigurationList = B8A364432C76244F008AC53B /* Build configuration list for PBXNativeTarget "connect-ios-demo" */;
			buildPhases = (
				860AA4E1E730C6D3307EB255 /* [CP] Check Pods Manifest.lock */,
				B8A3642B2C76244D008AC53B /* Sources */,
				B8A3642C2C76244D008AC53B /* Frameworks */,
				B8A3642D2C76244D008AC53B /* Resources */,
				87A31365F887F53DCB011360 /* [CP] Embed Pods Frameworks */,
			);
			buildRules = (
			);
			dependencies = (
			);
			name = "connect-ios-demo";
			productName = "connect-ios-demo";
			productReference = B8A3642F2C76244D008AC53B /* connect-ios-demo.app */;
			productType = "com.apple.product-type.application";
		};
/* End PBXNativeTarget section */

/* Begin PBXProject section */
		B8A364272C76244D008AC53B /* Project object */ = {
			isa = PBXProject;
			attributes = {
				BuildIndependentTargetsInParallel = 1;
				LastSwiftUpdateCheck = 1540;
				LastUpgradeCheck = 1540;
				TargetAttributes = {
					B8A3642E2C76244D008AC53B = {
						CreatedOnToolsVersion = 15.4;
					};
				};
			};
			buildConfigurationList = B8A3642A2C76244D008AC53B /* Build configuration list for PBXProject "connect-ios-demo" */;
			compatibilityVersion = "Xcode 14.0";
			developmentRegion = en;
			hasScannedForEncodings = 0;
			knownRegions = (
				en,
				Base,
			);
			mainGroup = B8A364262C76244D008AC53B;
			productRefGroup = B8A364302C76244D008AC53B /* Products */;
			projectDirPath = "";
			projectRoot = "";
			targets = (
				B8A3642E2C76244D008AC53B /* connect-ios-demo */,
			);
		};
/* End PBXProject section */

/* Begin PBXResourcesBuildPhase section */
		B8A3642D2C76244D008AC53B /* Resources */ = {
			isa = PBXResourcesBuildPhase;
			buildActionMask = 2147483647;
			files = (
				B8A3643C2C76244F008AC53B /* Assets.xcassets in Resources */,
				B8A3643F2C76244F008AC53B /* Base in Resources */,
				B8A3643A2C76244D008AC53B /* Base in Resources */,
			);
			runOnlyForDeploymentPostprocessing = 0;
		};
/* End PBXResourcesBuildPhase section */

/* Begin PBXShellScriptBuildPhase section */
		860AA4E1E730C6D3307EB255 /* [CP] Check Pods Manifest.lock */ = {
			isa = PBXShellScriptBuildPhase;
			buildActionMask = 2147483647;
			files = (
			);
			inputFileListPaths = (
			);
			inputPaths = (
				"${PODS_PODFILE_DIR_PATH}/Podfile.lock",
				"${PODS_ROOT}/Manifest.lock",
			);
			name = "[CP] Check Pods Manifest.lock";
			outputFileListPaths = (
			);
			outputPaths = (
				"$(DERIVED_FILE_DIR)/Pods-connect-ios-demo-checkManifestLockResult.txt",
			);
			runOnlyForDeploymentPostprocessing = 0;
			shellPath = /bin/sh;
			shellScript = "diff \"${PODS_PODFILE_DIR_PATH}/Podfile.lock\" \"${PODS_ROOT}/Manifest.lock\" > /dev/null\nif [ $? != 0 ] ; then\n    # print error to STDERR\n    echo \"error: The sandbox is not in sync with the Podfile.lock. Run 'pod install' or update your CocoaPods installation.\" >&2\n    exit 1\nfi\n# This output is used by Xcode 'outputs' to avoid re-running this script phase.\necho \"SUCCESS\" > \"${SCRIPT_OUTPUT_FILE_0}\"\n";
			showEnvVarsInLog = 0;
		};
		87A31365F887F53DCB011360 /* [CP] Embed Pods Frameworks */ = {
			isa = PBXShellScriptBuildPhase;
			buildActionMask = 2147483647;
			files = (
			);
			inputFileListPaths = (
				"${PODS_ROOT}/Target Support Files/Pods-connect-ios-demo/Pods-connect-ios-demo-frameworks-${CONFIGURATION}-input-files.xcfilelist",
			);
			name = "[CP] Embed Pods Frameworks";
			outputFileListPaths = (
				"${PODS_ROOT}/Target Support Files/Pods-connect-ios-demo/Pods-connect-ios-demo-frameworks-${CONFIGURATION}-output-files.xcfilelist",
			);
			runOnlyForDeploymentPostprocessing = 0;
			shellPath = /bin/sh;
			shellScript = "\"${PODS_ROOT}/Target Support Files/Pods-connect-ios-demo/Pods-connect-ios-demo-frameworks.sh\"\n";
			showEnvVarsInLog = 0;
		};
/* End PBXShellScriptBuildPhase section */

/* Begin PBXSourcesBuildPhase section */
		B8A3642B2C76244D008AC53B /* Sources */ = {
			isa = PBXSourcesBuildPhase;
			buildActionMask = 2147483647;
			files = (
				B8A364372C76244D008AC53B /* ViewController.swift in Sources */,
				B8A364332C76244D008AC53B /* AppDelegate.swift in Sources */,
				B8A364352C76244D008AC53B /* SceneDelegate.swift in Sources */,
			);
			runOnlyForDeploymentPostprocessing = 0;
		};
/* End PBXSourcesBuildPhase section */

/* Begin PBXVariantGroup section */
		B8A364382C76244D008AC53B /* Main.storyboard */ = {
			isa = PBXVariantGroup;
			children = (
				B8A364392C76244D008AC53B /* Base */,
			);
			name = Main.storyboard;
			sourceTree = "<group>";
		};
		B8A3643D2C76244F008AC53B /* LaunchScreen.storyboard */ = {
			isa = PBXVariantGroup;
			children = (
				B8A3643E2C76244F008AC53B /* Base */,
			);
			name = LaunchScreen.storyboard;
			sourceTree = "<group>";
		};
/* End PBXVariantGroup section */

/* Begin XCBuildConfiguration section */
		B8A364412C76244F008AC53B /* Debug */ = {
			isa = XCBuildConfiguration;
			buildSettings = {
				ALWAYS_SEARCH_USER_PATHS = NO;
				ASSETCATALOG_COMPILER_GENERATE_SWIFT_ASSET_SYMBOL_EXTENSIONS = YES;
				CLANG_ANALYZER_NONNULL = YES;
				CLANG_ANALYZER_NUMBER_OBJECT_CONVERSION = YES_AGGRESSIVE;
				CLANG_CXX_LANGUAGE_STANDARD = "gnu++20";
				CLANG_ENABLE_MODULES = YES;
				CLANG_ENABLE_OBJC_ARC = YES;
				CLANG_ENABLE_OBJC_WEAK = YES;
				CLANG_WARN_BLOCK_CAPTURE_AUTORELEASING = YES;
				CLANG_WARN_BOOL_CONVERSION = YES;
				CLANG_WARN_COMMA = YES;
				CLANG_WARN_CONSTANT_CONVERSION = YES;
				CLANG_WARN_DEPRECATED_OBJC_IMPLEMENTATIONS = YES;
				CLANG_WARN_DIRECT_OBJC_ISA_USAGE = YES_ERROR;
				CLANG_WARN_DOCUMENTATION_COMMENTS = YES;
				CLANG_WARN_EMPTY_BODY = YES;
				CLANG_WARN_ENUM_CONVERSION = YES;
				CLANG_WARN_INFINITE_RECURSION = YES;
				CLANG_WARN_INT_CONVERSION = YES;
				CLANG_WARN_NON_LITERAL_NULL_CONVERSION = YES;
				CLANG_WARN_OBJC_IMPLICIT_RETAIN_SELF = YES;
				CLANG_WARN_OBJC_LITERAL_CONVERSION = YES;
				CLANG_WARN_OBJC_ROOT_CLASS = YES_ERROR;
				CLANG_WARN_QUOTED_INCLUDE_IN_FRAMEWORK_HEADER = YES;
				CLANG_WARN_RANGE_LOOP_ANALYSIS = YES;
				CLANG_WARN_STRICT_PROTOTYPES = YES;
				CLANG_WARN_SUSPICIOUS_MOVE = YES;
				CLANG_WARN_UNGUARDED_AVAILABILITY = YES_AGGRESSIVE;
				CLANG_WARN_UNREACHABLE_CODE = YES;
				CLANG_WARN__DUPLICATE_METHOD_MATCH = YES;
				COPY_PHASE_STRIP = NO;
				DEBUG_INFORMATION_FORMAT = dwarf;
				ENABLE_STRICT_OBJC_MSGSEND = YES;
				ENABLE_TESTABILITY = YES;
				ENABLE_USER_SCRIPT_SANDBOXING = YES;
				GCC_C_LANGUAGE_STANDARD = gnu17;
				GCC_DYNAMIC_NO_PIC = NO;
				GCC_NO_COMMON_BLOCKS = YES;
				GCC_OPTIMIZATION_LEVEL = 0;
				GCC_PREPROCESSOR_DEFINITIONS = (
					"DEBUG=1",
					"$(inherited)",
				);
				GCC_WARN_64_TO_32_BIT_CONVERSION = YES;
				GCC_WARN_ABOUT_RETURN_TYPE = YES_ERROR;
				GCC_WARN_UNDECLARED_SELECTOR = YES;
				GCC_WARN_UNINITIALIZED_AUTOS = YES_AGGRESSIVE;
				GCC_WARN_UNUSED_FUNCTION = YES;
				GCC_WARN_UNUSED_VARIABLE = YES;
				IPHONEOS_DEPLOYMENT_TARGET = 17.5;
				LOCALIZATION_PREFERS_STRING_CATALOGS = YES;
				MTL_ENABLE_DEBUG_INFO = INCLUDE_SOURCE;
				MTL_FAST_MATH = YES;
				ONLY_ACTIVE_ARCH = YES;
				SDKROOT = iphoneos;
				SWIFT_ACTIVE_COMPILATION_CONDITIONS = "DEBUG $(inherited)";
				SWIFT_OPTIMIZATION_LEVEL = "-Onone";
			};
			name = Debug;
		};
		B8A364422C76244F008AC53B /* Release */ = {
			isa = XCBuildConfiguration;
			buildSettings = {
				ALWAYS_SEARCH_USER_PATHS = NO;
				ASSETCATALOG_COMPILER_GENERATE_SWIFT_ASSET_SYMBOL_EXTENSIONS = YES;
				CLANG_ANALYZER_NONNULL = YES;
				CLANG_ANALYZER_NUMBER_OBJECT_CONVERSION = YES_AGGRESSIVE;
				CLANG_CXX_LANGUAGE_STANDARD = "gnu++20";
				CLANG_ENABLE_MODULES = YES;
				CLANG_ENABLE_OBJC_ARC = YES;
				CLANG_ENABLE_OBJC_WEAK = YES;
				CLANG_WARN_BLOCK_CAPTURE_AUTORELEASING = YES;
				CLANG_WARN_BOOL_CONVERSION = YES;
				CLANG_WARN_COMMA = YES;
				CLANG_WARN_CONSTANT_CONVERSION = YES;
				CLANG_WARN_DEPRECATED_OBJC_IMPLEMENTATIONS = YES;
				CLANG_WARN_DIRECT_OBJC_ISA_USAGE = YES_ERROR;
				CLANG_WARN_DOCUMENTATION_COMMENTS = YES;
				CLANG_WARN_EMPTY_BODY = YES;
				CLANG_WARN_ENUM_CONVERSION = YES;
				CLANG_WARN_INFINITE_RECURSION = YES;
				CLANG_WARN_INT_CONVERSION = YES;
				CLANG_WARN_NON_LITERAL_NULL_CONVERSION = YES;
				CLANG_WARN_OBJC_IMPLICIT_RETAIN_SELF = YES;
				CLANG_WARN_OBJC_LITERAL_CONVERSION = YES;
				CLANG_WARN_OBJC_ROOT_CLASS = YES_ERROR;
				CLANG_WARN_QUOTED_INCLUDE_IN_FRAMEWORK_HEADER = YES;
				CLANG_WARN_RANGE_LOOP_ANALYSIS = YES;
				CLANG_WARN_STRICT_PROTOTYPES = YES;
				CLANG_WARN_SUSPICIOUS_MOVE = YES;
				CLANG_WARN_UNGUARDED_AVAILABILITY = YES_AGGRESSIVE;
				CLANG_WARN_UNREACHABLE_CODE = YES;
				CLANG_WARN__DUPLICATE_METHOD_MATCH = YES;
				COPY_PHASE_STRIP = NO;
				DEBUG_INFORMATION_FORMAT = "dwarf-with-dsym";
				ENABLE_NS_ASSERTIONS = NO;
				ENABLE_STRICT_OBJC_MSGSEND = YES;
				ENABLE_USER_SCRIPT_SANDBOXING = YES;
				GCC_C_LANGUAGE_STANDARD = gnu17;
				GCC_NO_COMMON_BLOCKS = YES;
				GCC_WARN_64_TO_32_BIT_CONVERSION = YES;
				GCC_WARN_ABOUT_RETURN_TYPE = YES_ERROR;
				GCC_WARN_UNDECLARED_SELECTOR = YES;
				GCC_WARN_UNINITIALIZED_AUTOS = YES_AGGRESSIVE;
				GCC_WARN_UNUSED_FUNCTION = YES;
				GCC_WARN_UNUSED_VARIABLE = YES;
				IPHONEOS_DEPLOYMENT_TARGET = 17.5;
				LOCALIZATION_PREFERS_STRING_CATALOGS = YES;
				MTL_ENABLE_DEBUG_INFO = NO;
				MTL_FAST_MATH = YES;
				SDKROOT = iphoneos;
				SWIFT_COMPILATION_MODE = wholemodule;
				VALIDATE_PRODUCT = YES;
			};
			name = Release;
		};
		B8A364442C76244F008AC53B /* Debug */ = {
			isa = XCBuildConfiguration;
			baseConfigurationReference = E1456BB13D77B4177AA5C69A /* Pods-connect-ios-demo.debug.xcconfig */;
			buildSettings = {
				ASSETCATALOG_COMPILER_APPICON_NAME = AppIcon;
				ASSETCATALOG_COMPILER_GLOBAL_ACCENT_COLOR_NAME = AccentColor;
				CODE_SIGN_STYLE = Automatic;
				CURRENT_PROJECT_VERSION = 1;
				DEVELOPMENT_TEAM = ZXQY8LD7VQ;
				ENABLE_USER_SCRIPT_SANDBOXING = NO;
				GENERATE_INFOPLIST_FILE = YES;
				INFOPLIST_FILE = "connect-ios-demo/Info.plist";
				INFOPLIST_KEY_CFBundleDisplayName = "PowensConnect demo";
				INFOPLIST_KEY_UIApplicationSupportsIndirectInputEvents = YES;
				INFOPLIST_KEY_UILaunchStoryboardName = LaunchScreen;
				INFOPLIST_KEY_UIMainStoryboardFile = Main;
				INFOPLIST_KEY_UISupportedInterfaceOrientations = UIInterfaceOrientationPortrait;
				INFOPLIST_KEY_UISupportedInterfaceOrientations_iPad = "UIInterfaceOrientationLandscapeLeft UIInterfaceOrientationLandscapeRight UIInterfaceOrientationPortrait UIInterfaceOrientationPortraitUpsideDown";
				IPHONEOS_DEPLOYMENT_TARGET = 14.1;
				LD_RUNPATH_SEARCH_PATHS = (
					"$(inherited)",
					"@executable_path/Frameworks",
				);
				MARKETING_VERSION = "1.0.0-beta";
				PRODUCT_BUNDLE_IDENTIFIER = "com.powens.connect-ios-demo";
				PRODUCT_NAME = "$(TARGET_NAME)";
				SWIFT_EMIT_LOC_STRINGS = YES;
				SWIFT_VERSION = 5.0;
				TARGETED_DEVICE_FAMILY = "1,2";
			};
			name = Debug;
		};
		B8A364452C76244F008AC53B /* Release */ = {
			isa = XCBuildConfiguration;
			baseConfigurationReference = 5F40C1EA57B6F5F4CE333F57 /* Pods-connect-ios-demo.release.xcconfig */;
			buildSettings = {
				ASSETCATALOG_COMPILER_APPICON_NAME = AppIcon;
				ASSETCATALOG_COMPILER_GLOBAL_ACCENT_COLOR_NAME = AccentColor;
				CODE_SIGN_STYLE = Automatic;
				CURRENT_PROJECT_VERSION = 1;
				DEVELOPMENT_TEAM = ZXQY8LD7VQ;
				ENABLE_USER_SCRIPT_SANDBOXING = NO;
				GENERATE_INFOPLIST_FILE = YES;
				INFOPLIST_FILE = "connect-ios-demo/Info.plist";
				INFOPLIST_KEY_CFBundleDisplayName = "PowensConnect demo";
				INFOPLIST_KEY_UIApplicationSupportsIndirectInputEvents = YES;
				INFOPLIST_KEY_UILaunchStoryboardName = LaunchScreen;
				INFOPLIST_KEY_UIMainStoryboardFile = Main;
				INFOPLIST_KEY_UISupportedInterfaceOrientations = UIInterfaceOrientationPortrait;
				INFOPLIST_KEY_UISupportedInterfaceOrientations_iPad = "UIInterfaceOrientationLandscapeLeft UIInterfaceOrientationLandscapeRight UIInterfaceOrientationPortrait UIInterfaceOrientationPortraitUpsideDown";
				IPHONEOS_DEPLOYMENT_TARGET = 14.1;
				LD_RUNPATH_SEARCH_PATHS = (
					"$(inherited)",
					"@executable_path/Frameworks",
				);
				MARKETING_VERSION = "1.0.0-beta";
				PRODUCT_BUNDLE_IDENTIFIER = "com.powens.connect-ios-demo";
				PRODUCT_NAME = "$(TARGET_NAME)";
				SWIFT_EMIT_LOC_STRINGS = YES;
				SWIFT_VERSION = 5.0;
				TARGETED_DEVICE_FAMILY = "1,2";
			};
			name = Release;
		};
/* End XCBuildConfiguration section */

/* Begin XCConfigurationList section */
		B8A3642A2C76244D008AC53B /* Build configuration list for PBXProject "connect-ios-demo" */ = {
			isa = XCConfigurationList;
			buildConfigurations = (
				B8A364412C76244F008AC53B /* Debug */,
				B8A364422C76244F008AC53B /* Release */,
			);
			defaultConfigurationIsVisible = 0;
			defaultConfigurationName = Release;
		};
		B8A364432C76244F008AC53B /* Build configuration list for PBXNativeTarget "connect-ios-demo" */ = {
			isa = XCConfigurationList;
			buildConfigurations = (
				B8A364442C76244F008AC53B /* Debug */,
				B8A364452C76244F008AC53B /* Release */,
			);
			defaultConfigurationIsVisible = 0;
			defaultConfigurationName = Release;
		};
/* End XCConfigurationList section */
	};
	rootObject = B8A364272C76244D008AC53B /* Project object */;
}
